<Solution>
  <Configurations>
    <BuildType Name="Debug" />
  </Configurations>
  <Project Path="DownloadFileRenamer/DownloadFileRenamer.csproj" />
  <Project Path="DownloadFileRenamerLib/DownloadFileRenamerLib.csproj" />
  <Project Path="MassDownloadFileRenamer/MassDownloadFileRenamer.csproj" />
</Solution>
