Microsoft Visual Studio Solution File, Format Version 12.00
# Visual Studio Version 17
VisualStudioVersion = 17.0.31912.275
MinimumVisualStudioVersion = 10.0.40219.1
Project("{9A19103F-16F7-4668-BE54-9A1E7A4F7556}") = "DownloadFileRenamer", "DownloadFileRenamer.csproj", "{515CF483-391E-49F4-B309-CC622375DAD0}"
EndProject
Project("{9A19103F-16F7-4668-BE54-9A1E7A4F7556}") = "DownloadFileRenamerLib", "..\DownloadFileRenamerLib\DownloadFileRenamerLib.csproj", "{4BA550A1-4DFA-494C-A9C2-B6575D34E6A4}"
EndProject
Project("{9A19103F-16F7-4668-BE54-9A1E7A4F7556}") = "MassDownloadFileRenamer", "..\MassDownloadFileRenamer\MassDownloadFileRenamer.csproj", "{EE32CAAF-C24C-4E2E-819A-D15F2C6D2AFF}"
EndProject
Global
	GlobalSection(SolutionConfigurationPlatforms) = preSolution
		Debug|x64 = Debug|x64
	EndGlobalSection
	GlobalSection(ProjectConfigurationPlatforms) = postSolution
		{515CF483-391E-49F4-B309-CC622375DAD0}.Debug|x64.ActiveCfg = Debug|x64
		{515CF483-391E-49F4-B309-CC622375DAD0}.Debug|x64.Build.0 = Debug|x64
		{4BA550A1-4DFA-494C-A9C2-B6575D34E6A4}.Debug|x64.ActiveCfg = Debug|x64
		{4BA550A1-4DFA-494C-A9C2-B6575D34E6A4}.Debug|x64.Build.0 = Debug|x64
		{EE32CAAF-C24C-4E2E-819A-D15F2C6D2AFF}.Debug|x64.ActiveCfg = Debug|x64
		{EE32CAAF-C24C-4E2E-819A-D15F2C6D2AFF}.Debug|x64.Build.0 = Debug|x64
	EndGlobalSection
	GlobalSection(SolutionProperties) = preSolution
		HideSolutionNode = FALSE
	EndGlobalSection
EndGlobal
